
Microsoft Visual Studio Solution File, Format Version 12.00
# Visual Studio Version 17
VisualStudioVersion = 17.0.32126.317
MinimumVisualStudioVersion = 10.0.40219.1
Project("{8BC9CEB8-8B4A-11D0-8D11-00A0C91BC942}") = "0529额外OJ练习", "0529额外OJ练习\0529额外OJ练习.vcxproj", "{A3BE791A-3762-4692-B5D2-F291E8768FCB}"
EndProject
Global
	GlobalSection(SolutionConfigurationPlatforms) = preSolution
		Debug|x64 = Debug|x64
		Debug|x86 = Debug|x86
		Release|x64 = Release|x64
		Release|x86 = Release|x86
	EndGlobalSection
	GlobalSection(ProjectConfigurationPlatforms) = postSolution
		{A3BE791A-3762-4692-B5D2-F291E8768FCB}.Debug|x64.ActiveCfg = Debug|x64
		{A3BE791A-3762-4692-B5D2-F291E8768FCB}.Debug|x64.Build.0 = Debug|x64
		{A3BE791A-3762-4692-B5D2-F291E8768FCB}.Debug|x86.ActiveCfg = Debug|Win32
		{A3BE791A-3762-4692-B5D2-F291E8768FCB}.Debug|x86.Build.0 = Debug|Win32
		{A3BE791A-3762-4692-B5D2-F291E8768FCB}.Release|x64.ActiveCfg = Release|x64
		{A3BE791A-3762-4692-B5D2-F291E8768FCB}.Release|x64.Build.0 = Release|x64
		{A3BE791A-3762-4692-B5D2-F291E8768FCB}.Release|x86.ActiveCfg = Release|Win32
		{A3BE791A-3762-4692-B5D2-F291E8768FCB}.Release|x86.Build.0 = Release|Win32
	EndGlobalSection
	GlobalSection(SolutionProperties) = preSolution
		HideSolutionNode = FALSE
	EndGlobalSection
	GlobalSection(ExtensibilityGlobals) = postSolution
		SolutionGuid = {1A7EF12D-F7F2-4B70-ABFB-0A9D27561201}
	EndGlobalSection
EndGlobal
