
Microsoft Visual Studio Solution File, Format Version 12.00
# Visual Studio Version 17
VisualStudioVersion = 17.0.32126.317
MinimumVisualStudioVersion = 10.0.40219.1
Project("{8BC9CEB8-8B4A-11D0-8D11-00A0C91BC942}") = "0123操作符详解(1)", "0123操作符详解(1)\0123操作符详解(1).vcxproj", "{28A264FF-DDE7-4FEB-976D-F48EEC5467B7}"
EndProject
Global
	GlobalSection(SolutionConfigurationPlatforms) = preSolution
		Debug|x64 = Debug|x64
		Debug|x86 = Debug|x86
		Release|x64 = Release|x64
		Release|x86 = Release|x86
	EndGlobalSection
	GlobalSection(ProjectConfigurationPlatforms) = postSolution
		{28A264FF-DDE7-4FEB-976D-F48EEC5467B7}.Debug|x64.ActiveCfg = Debug|x64
		{28A264FF-DDE7-4FEB-976D-F48EEC5467B7}.Debug|x64.Build.0 = Debug|x64
		{28A264FF-DDE7-4FEB-976D-F48EEC5467B7}.Debug|x86.ActiveCfg = Debug|Win32
		{28A264FF-DDE7-4FEB-976D-F48EEC5467B7}.Debug|x86.Build.0 = Debug|Win32
		{28A264FF-DDE7-4FEB-976D-F48EEC5467B7}.Release|x64.ActiveCfg = Release|x64
		{28A264FF-DDE7-4FEB-976D-F48EEC5467B7}.Release|x64.Build.0 = Release|x64
		{28A264FF-DDE7-4FEB-976D-F48EEC5467B7}.Release|x86.ActiveCfg = Release|Win32
		{28A264FF-DDE7-4FEB-976D-F48EEC5467B7}.Release|x86.Build.0 = Release|Win32
	EndGlobalSection
	GlobalSection(SolutionProperties) = preSolution
		HideSolutionNode = FALSE
	EndGlobalSection
	GlobalSection(ExtensibilityGlobals) = postSolution
		SolutionGuid = {FC30C9D8-AC4B-42C4-881B-EA74EB591E64}
	EndGlobalSection
EndGlobal
