
Microsoft Visual Studio Solution File, Format Version 12.00
# Visual Studio Version 17
VisualStudioVersion = 17.0.32126.317
MinimumVisualStudioVersion = 10.0.40219.1
Project("{8BC9CEB8-8B4A-11D0-8D11-00A0C91BC942}") = "0419复杂度+顺序表", "0419复杂度+顺序表\0419复杂度+顺序表.vcxproj", "{CAEB7F87-98BD-4297-8636-C029DF2A1749}"
EndProject
Global
	GlobalSection(SolutionConfigurationPlatforms) = preSolution
		Debug|x64 = Debug|x64
		Debug|x86 = Debug|x86
		Release|x64 = Release|x64
		Release|x86 = Release|x86
	EndGlobalSection
	GlobalSection(ProjectConfigurationPlatforms) = postSolution
		{CAEB7F87-98BD-4297-8636-C029DF2A1749}.Debug|x64.ActiveCfg = Debug|x64
		{CAEB7F87-98BD-4297-8636-C029DF2A1749}.Debug|x64.Build.0 = Debug|x64
		{CAEB7F87-98BD-4297-8636-C029DF2A1749}.Debug|x86.ActiveCfg = Debug|Win32
		{CAEB7F87-98BD-4297-8636-C029DF2A1749}.Debug|x86.Build.0 = Debug|Win32
		{CAEB7F87-98BD-4297-8636-C029DF2A1749}.Release|x64.ActiveCfg = Release|x64
		{CAEB7F87-98BD-4297-8636-C029DF2A1749}.Release|x64.Build.0 = Release|x64
		{CAEB7F87-98BD-4297-8636-C029DF2A1749}.Release|x86.ActiveCfg = Release|Win32
		{CAEB7F87-98BD-4297-8636-C029DF2A1749}.Release|x86.Build.0 = Release|Win32
	EndGlobalSection
	GlobalSection(SolutionProperties) = preSolution
		HideSolutionNode = FALSE
	EndGlobalSection
	GlobalSection(ExtensibilityGlobals) = postSolution
		SolutionGuid = {D146D73E-FB58-4908-8F6E-B1EE3CBB3A50}
	EndGlobalSection
EndGlobal
