
Microsoft Visual Studio Solution File, Format Version 12.00
# Visual Studio Version 17
VisualStudioVersion = 17.0.32126.317
MinimumVisualStudioVersion = 10.0.40219.1
Project("{8BC9CEB8-8B4A-11D0-8D11-00A0C91BC942}") = "0421顺序表OJ", "0421顺序表OJ\0421顺序表OJ.vcxproj", "{05EF3FB6-5358-4D8D-A746-00C237CED4E7}"
EndProject
Global
	GlobalSection(SolutionConfigurationPlatforms) = preSolution
		Debug|x64 = Debug|x64
		Debug|x86 = Debug|x86
		Release|x64 = Release|x64
		Release|x86 = Release|x86
	EndGlobalSection
	GlobalSection(ProjectConfigurationPlatforms) = postSolution
		{05EF3FB6-5358-4D8D-A746-00C237CED4E7}.Debug|x64.ActiveCfg = Debug|x64
		{05EF3FB6-5358-4D8D-A746-00C237CED4E7}.Debug|x64.Build.0 = Debug|x64
		{05EF3FB6-5358-4D8D-A746-00C237CED4E7}.Debug|x86.ActiveCfg = Debug|Win32
		{05EF3FB6-5358-4D8D-A746-00C237CED4E7}.Debug|x86.Build.0 = Debug|Win32
		{05EF3FB6-5358-4D8D-A746-00C237CED4E7}.Release|x64.ActiveCfg = Release|x64
		{05EF3FB6-5358-4D8D-A746-00C237CED4E7}.Release|x64.Build.0 = Release|x64
		{05EF3FB6-5358-4D8D-A746-00C237CED4E7}.Release|x86.ActiveCfg = Release|Win32
		{05EF3FB6-5358-4D8D-A746-00C237CED4E7}.Release|x86.Build.0 = Release|Win32
	EndGlobalSection
	GlobalSection(SolutionProperties) = preSolution
		HideSolutionNode = FALSE
	EndGlobalSection
	GlobalSection(ExtensibilityGlobals) = postSolution
		SolutionGuid = {78945A15-5B15-47A7-9904-307DA0B4F03E}
	EndGlobalSection
EndGlobal
