
Microsoft Visual Studio Solution File, Format Version 12.00
# Visual Studio Version 17
VisualStudioVersion = 17.0.32126.317
MinimumVisualStudioVersion = 10.0.40219.1
Project("{8BC9CEB8-8B4A-11D0-8D11-00A0C91BC942}") = "0524二叉树", "0524二叉树\0524二叉树.vcxproj", "{91457783-BAC7-4F77-B563-08AA977C4771}"
EndProject
Global
	GlobalSection(SolutionConfigurationPlatforms) = preSolution
		Debug|x64 = Debug|x64
		Debug|x86 = Debug|x86
		Release|x64 = Release|x64
		Release|x86 = Release|x86
	EndGlobalSection
	GlobalSection(ProjectConfigurationPlatforms) = postSolution
		{91457783-BAC7-4F77-B563-08AA977C4771}.Debug|x64.ActiveCfg = Debug|x64
		{91457783-BAC7-4F77-B563-08AA977C4771}.Debug|x64.Build.0 = Debug|x64
		{91457783-BAC7-4F77-B563-08AA977C4771}.Debug|x86.ActiveCfg = Debug|Win32
		{91457783-BAC7-4F77-B563-08AA977C4771}.Debug|x86.Build.0 = Debug|Win32
		{91457783-BAC7-4F77-B563-08AA977C4771}.Release|x64.ActiveCfg = Release|x64
		{91457783-BAC7-4F77-B563-08AA977C4771}.Release|x64.Build.0 = Release|x64
		{91457783-BAC7-4F77-B563-08AA977C4771}.Release|x86.ActiveCfg = Release|Win32
		{91457783-BAC7-4F77-B563-08AA977C4771}.Release|x86.Build.0 = Release|Win32
	EndGlobalSection
	GlobalSection(SolutionProperties) = preSolution
		HideSolutionNode = FALSE
	EndGlobalSection
	GlobalSection(ExtensibilityGlobals) = postSolution
		SolutionGuid = {E6459DCE-0D69-4A82-AFE0-17921E795C2A}
	EndGlobalSection
EndGlobal
