
Microsoft Visual Studio Solution File, Format Version 12.00
# Visual Studio Version 17
VisualStudioVersion = 17.0.32126.317
MinimumVisualStudioVersion = 10.0.40219.1
Project("{8BC9CEB8-8B4A-11D0-8D11-00A0C91BC942}") = "1024二叉树oj", "1024二叉树oj\1024二叉树oj.vcxproj", "{2C9E22F7-9C48-410C-927E-BFE9DF09CBCE}"
EndProject
Global
	GlobalSection(SolutionConfigurationPlatforms) = preSolution
		Debug|x64 = Debug|x64
		Debug|x86 = Debug|x86
		Release|x64 = Release|x64
		Release|x86 = Release|x86
	EndGlobalSection
	GlobalSection(ProjectConfigurationPlatforms) = postSolution
		{2C9E22F7-9C48-410C-927E-BFE9DF09CBCE}.Debug|x64.ActiveCfg = Debug|x64
		{2C9E22F7-9C48-410C-927E-BFE9DF09CBCE}.Debug|x64.Build.0 = Debug|x64
		{2C9E22F7-9C48-410C-927E-BFE9DF09CBCE}.Debug|x86.ActiveCfg = Debug|Win32
		{2C9E22F7-9C48-410C-927E-BFE9DF09CBCE}.Debug|x86.Build.0 = Debug|Win32
		{2C9E22F7-9C48-410C-927E-BFE9DF09CBCE}.Release|x64.ActiveCfg = Release|x64
		{2C9E22F7-9C48-410C-927E-BFE9DF09CBCE}.Release|x64.Build.0 = Release|x64
		{2C9E22F7-9C48-410C-927E-BFE9DF09CBCE}.Release|x86.ActiveCfg = Release|Win32
		{2C9E22F7-9C48-410C-927E-BFE9DF09CBCE}.Release|x86.Build.0 = Release|Win32
	EndGlobalSection
	GlobalSection(SolutionProperties) = preSolution
		HideSolutionNode = FALSE
	EndGlobalSection
	GlobalSection(ExtensibilityGlobals) = postSolution
		SolutionGuid = {0A23905E-C9FB-427E-8397-83908D754812}
	EndGlobalSection
EndGlobal
