
Microsoft Visual Studio Solution File, Format Version 12.00
# Visual Studio Version 17
VisualStudioVersion = 17.0.32126.317
MinimumVisualStudioVersion = 10.0.40219.1
Project("{8BC9CEB8-8B4A-11D0-8D11-00A0C91BC942}") = "1029_AVL", "1029_AVL\1029_AVL.vcxproj", "{728F4D53-4744-498A-89CC-DF03E14DE57A}"
EndProject
Global
	GlobalSection(SolutionConfigurationPlatforms) = preSolution
		Debug|x64 = Debug|x64
		Debug|x86 = Debug|x86
		Release|x64 = Release|x64
		Release|x86 = Release|x86
	EndGlobalSection
	GlobalSection(ProjectConfigurationPlatforms) = postSolution
		{728F4D53-4744-498A-89CC-DF03E14DE57A}.Debug|x64.ActiveCfg = Debug|x64
		{728F4D53-4744-498A-89CC-DF03E14DE57A}.Debug|x64.Build.0 = Debug|x64
		{728F4D53-4744-498A-89CC-DF03E14DE57A}.Debug|x86.ActiveCfg = Debug|Win32
		{728F4D53-4744-498A-89CC-DF03E14DE57A}.Debug|x86.Build.0 = Debug|Win32
		{728F4D53-4744-498A-89CC-DF03E14DE57A}.Release|x64.ActiveCfg = Release|x64
		{728F4D53-4744-498A-89CC-DF03E14DE57A}.Release|x64.Build.0 = Release|x64
		{728F4D53-4744-498A-89CC-DF03E14DE57A}.Release|x86.ActiveCfg = Release|Win32
		{728F4D53-4744-498A-89CC-DF03E14DE57A}.Release|x86.Build.0 = Release|Win32
	EndGlobalSection
	GlobalSection(SolutionProperties) = preSolution
		HideSolutionNode = FALSE
	EndGlobalSection
	GlobalSection(ExtensibilityGlobals) = postSolution
		SolutionGuid = {3F35ADE2-694B-4384-A2C0-57E9A1CF5D56}
	EndGlobalSection
EndGlobal
