
Microsoft Visual Studio Solution File, Format Version 12.00
# Visual Studio Version 17
VisualStudioVersion = 17.0.32126.317
MinimumVisualStudioVersion = 10.0.40219.1
Project("{8BC9CEB8-8B4A-11D0-8D11-00A0C91BC942}") = "0709C++基础", "0709C++基础\0709C++基础.vcxproj", "{CDEB9763-3F21-40B5-8CEC-74401BEA5F62}"
EndProject
Global
	GlobalSection(SolutionConfigurationPlatforms) = preSolution
		Debug|x64 = Debug|x64
		Debug|x86 = Debug|x86
		Release|x64 = Release|x64
		Release|x86 = Release|x86
	EndGlobalSection
	GlobalSection(ProjectConfigurationPlatforms) = postSolution
		{CDEB9763-3F21-40B5-8CEC-74401BEA5F62}.Debug|x64.ActiveCfg = Debug|x64
		{CDEB9763-3F21-40B5-8CEC-74401BEA5F62}.Debug|x64.Build.0 = Debug|x64
		{CDEB9763-3F21-40B5-8CEC-74401BEA5F62}.Debug|x86.ActiveCfg = Debug|Win32
		{CDEB9763-3F21-40B5-8CEC-74401BEA5F62}.Debug|x86.Build.0 = Debug|Win32
		{CDEB9763-3F21-40B5-8CEC-74401BEA5F62}.Release|x64.ActiveCfg = Release|x64
		{CDEB9763-3F21-40B5-8CEC-74401BEA5F62}.Release|x64.Build.0 = Release|x64
		{CDEB9763-3F21-40B5-8CEC-74401BEA5F62}.Release|x86.ActiveCfg = Release|Win32
		{CDEB9763-3F21-40B5-8CEC-74401BEA5F62}.Release|x86.Build.0 = Release|Win32
	EndGlobalSection
	GlobalSection(SolutionProperties) = preSolution
		HideSolutionNode = FALSE
	EndGlobalSection
	GlobalSection(ExtensibilityGlobals) = postSolution
		SolutionGuid = {AAC53051-16C7-4187-8C4E-F5172697D554}
	EndGlobalSection
EndGlobal
