
Microsoft Visual Studio Solution File, Format Version 12.00
# Visual Studio Version 17
VisualStudioVersion = 17.0.32126.317
MinimumVisualStudioVersion = 10.0.40219.1
Project("{8BC9CEB8-8B4A-11D0-8D11-00A0C91BC942}") = "0303指针进阶(1)", "0303指针进阶(1)\0303指针进阶(1).vcxproj", "{984315C9-65BC-496A-BDC9-BB0DA585C1A3}"
EndProject
Global
	GlobalSection(SolutionConfigurationPlatforms) = preSolution
		Debug|x64 = Debug|x64
		Debug|x86 = Debug|x86
		Release|x64 = Release|x64
		Release|x86 = Release|x86
	EndGlobalSection
	GlobalSection(ProjectConfigurationPlatforms) = postSolution
		{984315C9-65BC-496A-BDC9-BB0DA585C1A3}.Debug|x64.ActiveCfg = Debug|x64
		{984315C9-65BC-496A-BDC9-BB0DA585C1A3}.Debug|x64.Build.0 = Debug|x64
		{984315C9-65BC-496A-BDC9-BB0DA585C1A3}.Debug|x86.ActiveCfg = Debug|Win32
		{984315C9-65BC-496A-BDC9-BB0DA585C1A3}.Debug|x86.Build.0 = Debug|Win32
		{984315C9-65BC-496A-BDC9-BB0DA585C1A3}.Release|x64.ActiveCfg = Release|x64
		{984315C9-65BC-496A-BDC9-BB0DA585C1A3}.Release|x64.Build.0 = Release|x64
		{984315C9-65BC-496A-BDC9-BB0DA585C1A3}.Release|x86.ActiveCfg = Release|Win32
		{984315C9-65BC-496A-BDC9-BB0DA585C1A3}.Release|x86.Build.0 = Release|Win32
	EndGlobalSection
	GlobalSection(SolutionProperties) = preSolution
		HideSolutionNode = FALSE
	EndGlobalSection
	GlobalSection(ExtensibilityGlobals) = postSolution
		SolutionGuid = {00DE2FED-0297-40D2-A907-D7D76D9188C4}
	EndGlobalSection
EndGlobal
