
Microsoft Visual Studio Solution File, Format Version 12.00
# Visual Studio Version 17
VisualStudioVersion = 17.0.32126.317
MinimumVisualStudioVersion = 10.0.40219.1
Project("{8BC9CEB8-8B4A-11D0-8D11-00A0C91BC942}") = "0617额外OJ练习", "0617额外OJ练习\0617额外OJ练习.vcxproj", "{3C918297-C69A-43E3-8532-92C71E0FB5A8}"
EndProject
Global
	GlobalSection(SolutionConfigurationPlatforms) = preSolution
		Debug|x64 = Debug|x64
		Debug|x86 = Debug|x86
		Release|x64 = Release|x64
		Release|x86 = Release|x86
	EndGlobalSection
	GlobalSection(ProjectConfigurationPlatforms) = postSolution
		{3C918297-C69A-43E3-8532-92C71E0FB5A8}.Debug|x64.ActiveCfg = Debug|x64
		{3C918297-C69A-43E3-8532-92C71E0FB5A8}.Debug|x64.Build.0 = Debug|x64
		{3C918297-C69A-43E3-8532-92C71E0FB5A8}.Debug|x86.ActiveCfg = Debug|Win32
		{3C918297-C69A-43E3-8532-92C71E0FB5A8}.Debug|x86.Build.0 = Debug|Win32
		{3C918297-C69A-43E3-8532-92C71E0FB5A8}.Release|x64.ActiveCfg = Release|x64
		{3C918297-C69A-43E3-8532-92C71E0FB5A8}.Release|x64.Build.0 = Release|x64
		{3C918297-C69A-43E3-8532-92C71E0FB5A8}.Release|x86.ActiveCfg = Release|Win32
		{3C918297-C69A-43E3-8532-92C71E0FB5A8}.Release|x86.Build.0 = Release|Win32
	EndGlobalSection
	GlobalSection(SolutionProperties) = preSolution
		HideSolutionNode = FALSE
	EndGlobalSection
	GlobalSection(ExtensibilityGlobals) = postSolution
		SolutionGuid = {C3AC83AB-C67C-4DD0-B26F-C39D176509E0}
	EndGlobalSection
EndGlobal
