
Microsoft Visual Studio Solution File, Format Version 12.00
# Visual Studio Version 17
VisualStudioVersion = 17.0.32126.317
MinimumVisualStudioVersion = 10.0.40219.1
Project("{8BC9CEB8-8B4A-11D0-8D11-00A0C91BC942}") = "1101_红黑树", "1101_红黑树\1101_红黑树.vcxproj", "{3B6461C8-1823-4FC0-ABC3-0D91EB7C22EC}"
EndProject
Global
	GlobalSection(SolutionConfigurationPlatforms) = preSolution
		Debug|x64 = Debug|x64
		Debug|x86 = Debug|x86
		Release|x64 = Release|x64
		Release|x86 = Release|x86
	EndGlobalSection
	GlobalSection(ProjectConfigurationPlatforms) = postSolution
		{3B6461C8-1823-4FC0-ABC3-0D91EB7C22EC}.Debug|x64.ActiveCfg = Debug|x64
		{3B6461C8-1823-4FC0-ABC3-0D91EB7C22EC}.Debug|x64.Build.0 = Debug|x64
		{3B6461C8-1823-4FC0-ABC3-0D91EB7C22EC}.Debug|x86.ActiveCfg = Debug|Win32
		{3B6461C8-1823-4FC0-ABC3-0D91EB7C22EC}.Debug|x86.Build.0 = Debug|Win32
		{3B6461C8-1823-4FC0-ABC3-0D91EB7C22EC}.Release|x64.ActiveCfg = Release|x64
		{3B6461C8-1823-4FC0-ABC3-0D91EB7C22EC}.Release|x64.Build.0 = Release|x64
		{3B6461C8-1823-4FC0-ABC3-0D91EB7C22EC}.Release|x86.ActiveCfg = Release|Win32
		{3B6461C8-1823-4FC0-ABC3-0D91EB7C22EC}.Release|x86.Build.0 = Release|Win32
	EndGlobalSection
	GlobalSection(SolutionProperties) = preSolution
		HideSolutionNode = FALSE
	EndGlobalSection
	GlobalSection(ExtensibilityGlobals) = postSolution
		SolutionGuid = {1FE29869-39AD-479E-BBD0-D132DF06EBA3}
	EndGlobalSection
EndGlobal
