
Microsoft Visual Studio Solution File, Format Version 12.00
# Visual Studio Version 17
VisualStudioVersion = 17.0.32126.317
MinimumVisualStudioVersion = 10.0.40219.1
Project("{8BC9CEB8-8B4A-11D0-8D11-00A0C91BC942}") = "0814_vector模拟实现", "0814_vector模拟实现\0814_vector模拟实现.vcxproj", "{AC385D67-3A50-4215-BC87-712FAC8233F8}"
EndProject
Global
	GlobalSection(SolutionConfigurationPlatforms) = preSolution
		Debug|x64 = Debug|x64
		Debug|x86 = Debug|x86
		Release|x64 = Release|x64
		Release|x86 = Release|x86
	EndGlobalSection
	GlobalSection(ProjectConfigurationPlatforms) = postSolution
		{AC385D67-3A50-4215-BC87-712FAC8233F8}.Debug|x64.ActiveCfg = Debug|x64
		{AC385D67-3A50-4215-BC87-712FAC8233F8}.Debug|x64.Build.0 = Debug|x64
		{AC385D67-3A50-4215-BC87-712FAC8233F8}.Debug|x86.ActiveCfg = Debug|Win32
		{AC385D67-3A50-4215-BC87-712FAC8233F8}.Debug|x86.Build.0 = Debug|Win32
		{AC385D67-3A50-4215-BC87-712FAC8233F8}.Release|x64.ActiveCfg = Release|x64
		{AC385D67-3A50-4215-BC87-712FAC8233F8}.Release|x64.Build.0 = Release|x64
		{AC385D67-3A50-4215-BC87-712FAC8233F8}.Release|x86.ActiveCfg = Release|Win32
		{AC385D67-3A50-4215-BC87-712FAC8233F8}.Release|x86.Build.0 = Release|Win32
	EndGlobalSection
	GlobalSection(SolutionProperties) = preSolution
		HideSolutionNode = FALSE
	EndGlobalSection
	GlobalSection(ExtensibilityGlobals) = postSolution
		SolutionGuid = {D759CE91-D2F0-45EF-B3A6-D78D36115C3E}
	EndGlobalSection
EndGlobal
