
Microsoft Visual Studio Solution File, Format Version 12.00
# Visual Studio Version 17
VisualStudioVersion = 17.0.32126.317
MinimumVisualStudioVersion = 10.0.40219.1
Project("{8BC9CEB8-8B4A-11D0-8D11-00A0C91BC942}") = "0409预处理(2)", "0409预处理(2)\0409预处理(2).vcxproj", "{142EB1C8-F54E-4A5C-A75B-1C0B9447D19E}"
EndProject
Global
	GlobalSection(SolutionConfigurationPlatforms) = preSolution
		Debug|x64 = Debug|x64
		Debug|x86 = Debug|x86
		Release|x64 = Release|x64
		Release|x86 = Release|x86
	EndGlobalSection
	GlobalSection(ProjectConfigurationPlatforms) = postSolution
		{142EB1C8-F54E-4A5C-A75B-1C0B9447D19E}.Debug|x64.ActiveCfg = Debug|x64
		{142EB1C8-F54E-4A5C-A75B-1C0B9447D19E}.Debug|x64.Build.0 = Debug|x64
		{142EB1C8-F54E-4A5C-A75B-1C0B9447D19E}.Debug|x86.ActiveCfg = Debug|Win32
		{142EB1C8-F54E-4A5C-A75B-1C0B9447D19E}.Debug|x86.Build.0 = Debug|Win32
		{142EB1C8-F54E-4A5C-A75B-1C0B9447D19E}.Release|x64.ActiveCfg = Release|x64
		{142EB1C8-F54E-4A5C-A75B-1C0B9447D19E}.Release|x64.Build.0 = Release|x64
		{142EB1C8-F54E-4A5C-A75B-1C0B9447D19E}.Release|x86.ActiveCfg = Release|Win32
		{142EB1C8-F54E-4A5C-A75B-1C0B9447D19E}.Release|x86.Build.0 = Release|Win32
	EndGlobalSection
	GlobalSection(SolutionProperties) = preSolution
		HideSolutionNode = FALSE
	EndGlobalSection
	GlobalSection(ExtensibilityGlobals) = postSolution
		SolutionGuid = {45E913B8-72B7-4103-A4EB-CDAF0A8E7067}
	EndGlobalSection
EndGlobal
