
Microsoft Visual Studio Solution File, Format Version 12.00
# Visual Studio Version 17
VisualStudioVersion = 17.0.32126.317
MinimumVisualStudioVersion = 10.0.40219.1
Project("{8BC9CEB8-8B4A-11D0-8D11-00A0C91BC942}") = "0313指针进阶(3)", "0313指针进阶(3)\0313指针进阶(3).vcxproj", "{4C4F7A53-7637-415D-9783-D6B3B096105F}"
EndProject
Global
	GlobalSection(SolutionConfigurationPlatforms) = preSolution
		Debug|x64 = Debug|x64
		Debug|x86 = Debug|x86
		Release|x64 = Release|x64
		Release|x86 = Release|x86
	EndGlobalSection
	GlobalSection(ProjectConfigurationPlatforms) = postSolution
		{4C4F7A53-7637-415D-9783-D6B3B096105F}.Debug|x64.ActiveCfg = Debug|x64
		{4C4F7A53-7637-415D-9783-D6B3B096105F}.Debug|x64.Build.0 = Debug|x64
		{4C4F7A53-7637-415D-9783-D6B3B096105F}.Debug|x86.ActiveCfg = Debug|Win32
		{4C4F7A53-7637-415D-9783-D6B3B096105F}.Debug|x86.Build.0 = Debug|Win32
		{4C4F7A53-7637-415D-9783-D6B3B096105F}.Release|x64.ActiveCfg = Release|x64
		{4C4F7A53-7637-415D-9783-D6B3B096105F}.Release|x64.Build.0 = Release|x64
		{4C4F7A53-7637-415D-9783-D6B3B096105F}.Release|x86.ActiveCfg = Release|Win32
		{4C4F7A53-7637-415D-9783-D6B3B096105F}.Release|x86.Build.0 = Release|Win32
	EndGlobalSection
	GlobalSection(SolutionProperties) = preSolution
		HideSolutionNode = FALSE
	EndGlobalSection
	GlobalSection(ExtensibilityGlobals) = postSolution
		SolutionGuid = {1E4E24A6-7D27-4142-B6A0-ABEE28172E9C}
	EndGlobalSection
EndGlobal
