
Microsoft Visual Studio Solution File, Format Version 12.00
# Visual Studio Version 17
VisualStudioVersion = 17.0.32126.317
MinimumVisualStudioVersion = 10.0.40219.1
Project("{8BC9CEB8-8B4A-11D0-8D11-00A0C91BC942}") = "0808模板", "0808模板\0808模板.vcxproj", "{EBD008E5-F894-4215-8303-9EA59275C63C}"
EndProject
Global
	GlobalSection(SolutionConfigurationPlatforms) = preSolution
		Debug|x64 = Debug|x64
		Debug|x86 = Debug|x86
		Release|x64 = Release|x64
		Release|x86 = Release|x86
	EndGlobalSection
	GlobalSection(ProjectConfigurationPlatforms) = postSolution
		{EBD008E5-F894-4215-8303-9EA59275C63C}.Debug|x64.ActiveCfg = Debug|x64
		{EBD008E5-F894-4215-8303-9EA59275C63C}.Debug|x64.Build.0 = Debug|x64
		{EBD008E5-F894-4215-8303-9EA59275C63C}.Debug|x86.ActiveCfg = Debug|Win32
		{EBD008E5-F894-4215-8303-9EA59275C63C}.Debug|x86.Build.0 = Debug|Win32
		{EBD008E5-F894-4215-8303-9EA59275C63C}.Release|x64.ActiveCfg = Release|x64
		{EBD008E5-F894-4215-8303-9EA59275C63C}.Release|x64.Build.0 = Release|x64
		{EBD008E5-F894-4215-8303-9EA59275C63C}.Release|x86.ActiveCfg = Release|Win32
		{EBD008E5-F894-4215-8303-9EA59275C63C}.Release|x86.Build.0 = Release|Win32
	EndGlobalSection
	GlobalSection(SolutionProperties) = preSolution
		HideSolutionNode = FALSE
	EndGlobalSection
	GlobalSection(ExtensibilityGlobals) = postSolution
		SolutionGuid = {A76657F0-20C6-468A-AA5A-B301C59CA99E}
	EndGlobalSection
EndGlobal
