
Microsoft Visual Studio Solution File, Format Version 12.00
# Visual Studio Version 17
VisualStudioVersion = 17.0.32126.317
MinimumVisualStudioVersion = 10.0.40219.1
Project("{8BC9CEB8-8B4A-11D0-8D11-00A0C91BC942}") = "1022搜索树", "1022搜索树\1022搜索树.vcxproj", "{5CF34659-B611-4D03-A800-5EE468F0976B}"
EndProject
Global
	GlobalSection(SolutionConfigurationPlatforms) = preSolution
		Debug|x64 = Debug|x64
		Debug|x86 = Debug|x86
		Release|x64 = Release|x64
		Release|x86 = Release|x86
	EndGlobalSection
	GlobalSection(ProjectConfigurationPlatforms) = postSolution
		{5CF34659-B611-4D03-A800-5EE468F0976B}.Debug|x64.ActiveCfg = Debug|x64
		{5CF34659-B611-4D03-A800-5EE468F0976B}.Debug|x64.Build.0 = Debug|x64
		{5CF34659-B611-4D03-A800-5EE468F0976B}.Debug|x86.ActiveCfg = Debug|Win32
		{5CF34659-B611-4D03-A800-5EE468F0976B}.Debug|x86.Build.0 = Debug|Win32
		{5CF34659-B611-4D03-A800-5EE468F0976B}.Release|x64.ActiveCfg = Release|x64
		{5CF34659-B611-4D03-A800-5EE468F0976B}.Release|x64.Build.0 = Release|x64
		{5CF34659-B611-4D03-A800-5EE468F0976B}.Release|x86.ActiveCfg = Release|Win32
		{5CF34659-B611-4D03-A800-5EE468F0976B}.Release|x86.Build.0 = Release|Win32
	EndGlobalSection
	GlobalSection(SolutionProperties) = preSolution
		HideSolutionNode = FALSE
	EndGlobalSection
	GlobalSection(ExtensibilityGlobals) = postSolution
		SolutionGuid = {25DF545F-5C6B-48C3-A8DF-D923F8699549}
	EndGlobalSection
EndGlobal
