
Microsoft Visual Studio Solution File, Format Version 12.00
# Visual Studio Version 17
VisualStudioVersion = 17.0.32126.317
MinimumVisualStudioVersion = 10.0.40219.1
Project("{8BC9CEB8-8B4A-11D0-8D11-00A0C91BC942}") = "0522英雄哈希", "0522英雄哈希\0522英雄哈希.vcxproj", "{747943DB-79D9-4289-B367-0E2998CB2071}"
EndProject
Global
	GlobalSection(SolutionConfigurationPlatforms) = preSolution
		Debug|x64 = Debug|x64
		Debug|x86 = Debug|x86
		Release|x64 = Release|x64
		Release|x86 = Release|x86
	EndGlobalSection
	GlobalSection(ProjectConfigurationPlatforms) = postSolution
		{747943DB-79D9-4289-B367-0E2998CB2071}.Debug|x64.ActiveCfg = Debug|x64
		{747943DB-79D9-4289-B367-0E2998CB2071}.Debug|x64.Build.0 = Debug|x64
		{747943DB-79D9-4289-B367-0E2998CB2071}.Debug|x86.ActiveCfg = Debug|Win32
		{747943DB-79D9-4289-B367-0E2998CB2071}.Debug|x86.Build.0 = Debug|Win32
		{747943DB-79D9-4289-B367-0E2998CB2071}.Release|x64.ActiveCfg = Release|x64
		{747943DB-79D9-4289-B367-0E2998CB2071}.Release|x64.Build.0 = Release|x64
		{747943DB-79D9-4289-B367-0E2998CB2071}.Release|x86.ActiveCfg = Release|Win32
		{747943DB-79D9-4289-B367-0E2998CB2071}.Release|x86.Build.0 = Release|Win32
	EndGlobalSection
	GlobalSection(SolutionProperties) = preSolution
		HideSolutionNode = FALSE
	EndGlobalSection
	GlobalSection(ExtensibilityGlobals) = postSolution
		SolutionGuid = {3A34B849-0E8F-4B59-B269-9FCC89328B4C}
	EndGlobalSection
EndGlobal
