
Microsoft Visual Studio Solution File, Format Version 12.00
# Visual Studio Version 17
VisualStudioVersion = 17.0.32126.317
MinimumVisualStudioVersion = 10.0.40219.1
Project("{8BC9CEB8-8B4A-11D0-8D11-00A0C91BC942}") = "草稿", "草稿\草稿.vcxproj", "{09B807AD-71C8-4D29-83E0-743187523430}"
EndProject
Global
	GlobalSection(SolutionConfigurationPlatforms) = preSolution
		Debug|x64 = Debug|x64
		Debug|x86 = Debug|x86
		Release|x64 = Release|x64
		Release|x86 = Release|x86
	EndGlobalSection
	GlobalSection(ProjectConfigurationPlatforms) = postSolution
		{09B807AD-71C8-4D29-83E0-743187523430}.Debug|x64.ActiveCfg = Debug|x64
		{09B807AD-71C8-4D29-83E0-743187523430}.Debug|x64.Build.0 = Debug|x64
		{09B807AD-71C8-4D29-83E0-743187523430}.Debug|x86.ActiveCfg = Debug|Win32
		{09B807AD-71C8-4D29-83E0-743187523430}.Debug|x86.Build.0 = Debug|Win32
		{09B807AD-71C8-4D29-83E0-743187523430}.Release|x64.ActiveCfg = Release|x64
		{09B807AD-71C8-4D29-83E0-743187523430}.Release|x64.Build.0 = Release|x64
		{09B807AD-71C8-4D29-83E0-743187523430}.Release|x86.ActiveCfg = Release|Win32
		{09B807AD-71C8-4D29-83E0-743187523430}.Release|x86.Build.0 = Release|Win32
	EndGlobalSection
	GlobalSection(SolutionProperties) = preSolution
		HideSolutionNode = FALSE
	EndGlobalSection
	GlobalSection(ExtensibilityGlobals) = postSolution
		SolutionGuid = {B140F78F-8F40-4CB3-A629-A9096CC53AD0}
	EndGlobalSection
EndGlobal
