
Microsoft Visual Studio Solution File, Format Version 12.00
# Visual Studio Version 17
VisualStudioVersion = 17.4.33213.308
MinimumVisualStudioVersion = 10.0.40219.1
Project("{8BC9CEB8-8B4A-11D0-8D11-00A0C91BC942}") = "0117额外OJ练习", "0117额外OJ练习\0117额外OJ练习.vcxproj", "{44B4A441-D93B-46C9-BC3B-E7BB64C33967}"
EndProject
Global
	GlobalSection(SolutionConfigurationPlatforms) = preSolution
		Debug|arm64 = Debug|arm64
		Debug|x64 = Debug|x64
		Debug|x86 = Debug|x86
		Release|arm64 = Release|arm64
		Release|x64 = Release|x64
		Release|x86 = Release|x86
	EndGlobalSection
	GlobalSection(ProjectConfigurationPlatforms) = postSolution
		{44B4A441-D93B-46C9-BC3B-E7BB64C33967}.Debug|arm64.ActiveCfg = Debug|arm64
		{44B4A441-D93B-46C9-BC3B-E7BB64C33967}.Debug|arm64.Build.0 = Debug|arm64
		{44B4A441-D93B-46C9-BC3B-E7BB64C33967}.Debug|x64.ActiveCfg = Debug|x64
		{44B4A441-D93B-46C9-BC3B-E7BB64C33967}.Debug|x64.Build.0 = Debug|x64
		{44B4A441-D93B-46C9-BC3B-E7BB64C33967}.Debug|x86.ActiveCfg = Debug|Win32
		{44B4A441-D93B-46C9-BC3B-E7BB64C33967}.Debug|x86.Build.0 = Debug|Win32
		{44B4A441-D93B-46C9-BC3B-E7BB64C33967}.Release|arm64.ActiveCfg = Release|arm64
		{44B4A441-D93B-46C9-BC3B-E7BB64C33967}.Release|arm64.Build.0 = Release|arm64
		{44B4A441-D93B-46C9-BC3B-E7BB64C33967}.Release|x64.ActiveCfg = Release|x64
		{44B4A441-D93B-46C9-BC3B-E7BB64C33967}.Release|x64.Build.0 = Release|x64
		{44B4A441-D93B-46C9-BC3B-E7BB64C33967}.Release|x86.ActiveCfg = Release|Win32
		{44B4A441-D93B-46C9-BC3B-E7BB64C33967}.Release|x86.Build.0 = Release|Win32
	EndGlobalSection
	GlobalSection(SolutionProperties) = preSolution
		HideSolutionNode = FALSE
	EndGlobalSection
	GlobalSection(ExtensibilityGlobals) = postSolution
		SolutionGuid = {11BC68DB-864A-47E6-8734-39AE65C65B51}
	EndGlobalSection
EndGlobal
