
Microsoft Visual Studio Solution File, Format Version 12.00
# Visual Studio Version 17
VisualStudioVersion = 17.0.32126.317
MinimumVisualStudioVersion = 10.0.40219.1
Project("{8BC9CEB8-8B4A-11D0-8D11-00A0C91BC942}") = "0816额外OJ练习（动态规划）、", "0816额外OJ练习（动态规划）、\0816额外OJ练习（动态规划）、.vcxproj", "{5C633966-07F9-42E9-9E9B-34FC98525425}"
EndProject
Global
	GlobalSection(SolutionConfigurationPlatforms) = preSolution
		Debug|x64 = Debug|x64
		Debug|x86 = Debug|x86
		Release|x64 = Release|x64
		Release|x86 = Release|x86
	EndGlobalSection
	GlobalSection(ProjectConfigurationPlatforms) = postSolution
		{5C633966-07F9-42E9-9E9B-34FC98525425}.Debug|x64.ActiveCfg = Debug|x64
		{5C633966-07F9-42E9-9E9B-34FC98525425}.Debug|x64.Build.0 = Debug|x64
		{5C633966-07F9-42E9-9E9B-34FC98525425}.Debug|x86.ActiveCfg = Debug|Win32
		{5C633966-07F9-42E9-9E9B-34FC98525425}.Debug|x86.Build.0 = Debug|Win32
		{5C633966-07F9-42E9-9E9B-34FC98525425}.Release|x64.ActiveCfg = Release|x64
		{5C633966-07F9-42E9-9E9B-34FC98525425}.Release|x64.Build.0 = Release|x64
		{5C633966-07F9-42E9-9E9B-34FC98525425}.Release|x86.ActiveCfg = Release|Win32
		{5C633966-07F9-42E9-9E9B-34FC98525425}.Release|x86.Build.0 = Release|Win32
	EndGlobalSection
	GlobalSection(SolutionProperties) = preSolution
		HideSolutionNode = FALSE
	EndGlobalSection
	GlobalSection(ExtensibilityGlobals) = postSolution
		SolutionGuid = {0A3A0A02-972B-40CD-B864-D7BACF6CBA8A}
	EndGlobalSection
EndGlobal
